
Microsoft Visual Studio Solution File, Format Version 12.00
# Visual Studio Version 17
VisualStudioVersion = 17.14.36518.9
MinimumVisualStudioVersion = 10.0.40219.1
Project("{2150E333-8FDC-42A3-9474-1A3956D46DE8}") = "Task0", "Task0", "{02EA681E-C7D8-13C7-8484-4AC65E1B71E8}"
EndProject
Project("{FAE04EC0-301F-11D3-BF4B-00C04F79EFBC}") = "Tyuiu.BerezovskiyAS.Sprint3.Task0.V2", "Tyuiu.BerezovskiyAS.Sprint3.Task0.V2\Tyuiu.BerezovskiyAS.Sprint3.Task0.V2.csproj", "{86E5D238-0DFE-41EC-8E1F-4475F13E6970}"
EndProject
Project("{FAE04EC0-301F-11D3-BF4B-00C04F79EFBC}") = "Tyuiu.BerezovskiyAS.Sprint3.Task0.V2.Lib", "Tyuiu.BerezovskiyAS.Sprint3.Task0.V2.Lib\Tyuiu.BerezovskiyAS.Sprint3.Task0.V2.Lib.csproj", "{B21B2382-79FB-48EF-BB52-2AE8B6E426DA}"
EndProject
Project("{FAE04EC0-301F-11D3-BF4B-00C04F79EFBC}") = "Tyuiu.BerezovskiyAS.Sprint3.Task0.V2.Test", "Tyuiu.BerezovskiyAS.Sprint3.Task0.V2.Test\Tyuiu.BerezovskiyAS.Sprint3.Task0.V2.Test.csproj", "{F4C38451-DBE5-4B81-8028-9AC6A2E7ABBB}"
EndProject
Project("{2150E333-8FDC-42A3-9474-1A3956D46DE8}") = "Task1", "Task1", "{3A100CB0-65BA-4FFB-8F86-EBFB31D88A6F}"
EndProject
Project("{FAE04EC0-301F-11D3-BF4B-00C04F79EFBC}") = "Tyuiu.BerezovskiyAS.Sprint3.Task1.V11", "Tyuiu.BerezovskiyAS.Sprint3.Task1.V11\Tyuiu.BerezovskiyAS.Sprint3.Task1.V11.csproj", "{EC968E47-7560-4111-BE54-C6EAA697C665}"
EndProject
Project("{FAE04EC0-301F-11D3-BF4B-00C04F79EFBC}") = "Tyuiu.BerezovskiyAS.Sprint3.Task1.V11.Lib", "Tyuiu.BerezovskiyAS.Sprint3.Task1.V11.Lib\Tyuiu.BerezovskiyAS.Sprint3.Task1.V11.Lib.csproj", "{2515C66D-BB6B-42AA-AEF4-F742C7346DEE}"
EndProject
Project("{FAE04EC0-301F-11D3-BF4B-00C04F79EFBC}") = "Tyuiu.BerezovskiyAS.Sprint3.Task1.V11.Test", "Tyuiu.BerezovskiyAS.Sprint3.Task1.V11.Test\Tyuiu.BerezovskiyAS.Sprint3.Task1.V11.Test.csproj", "{067F3749-1E2B-4F36-B3E4-3A1B244DD095}"
EndProject
Project("{2150E333-8FDC-42A3-9474-1A3956D46DE8}") = "Task2", "Task2", "{E8049C13-21A2-427A-9E6A-A0870D46EFC5}"
EndProject
Project("{FAE04EC0-301F-11D3-BF4B-00C04F79EFBC}") = "Tyuiu.BerezovskiyAS.Sprint3.Task2.V14", "Tyuiu.BerezovskiyAS.Sprint3.Task2.V14\Tyuiu.BerezovskiyAS.Sprint3.Task2.V14.csproj", "{E3A5B858-0CDC-431D-911B-7CEABABF9712}"
EndProject
Project("{FAE04EC0-301F-11D3-BF4B-00C04F79EFBC}") = "Tyuiu.BerezovskiyAS.Sprint3.Task2.V14.Lib", "Tyuiu.BerezovskiyAS.Sprint3.Task2.V14.Lib\Tyuiu.BerezovskiyAS.Sprint3.Task2.V14.Lib.csproj", "{89833784-5CF0-4ADA-9627-13659C626365}"
EndProject
Project("{FAE04EC0-301F-11D3-BF4B-00C04F79EFBC}") = "Tyuiu.BerezovskiyAS.Sprint3.Task2.V14.Test", "Tyuiu.BerezovskiyAS.Sprint3.Task2.V14.Test\Tyuiu.BerezovskiyAS.Sprint3.Task2.V14.Test.csproj", "{B384E4A8-EE6D-40FD-9C9C-DB63EA359BD0}"
EndProject
Project("{2150E333-8FDC-42A3-9474-1A3956D46DE8}") = "Task3", "Task3", "{DFEC4A81-9C91-4302-A2B7-0F2BB2ED1228}"
EndProject
Project("{FAE04EC0-301F-11D3-BF4B-00C04F79EFBC}") = "Tyuiu.BerezovskiyAS.Sprint3.Task3.V8", "Tyuiu.BerezovskiyAS.Sprint3.Task3.V8\Tyuiu.BerezovskiyAS.Sprint3.Task3.V8.csproj", "{73325CCD-F5A9-4683-AE42-CD32ABE569D9}"
EndProject
Project("{FAE04EC0-301F-11D3-BF4B-00C04F79EFBC}") = "Tyuiu.BerezovskiyAS.Sprint3.Task3.V8.Lib", "Tyuiu.BerezovskiyAS.Sprint3.Task3.V8.Lib\Tyuiu.BerezovskiyAS.Sprint3.Task3.V8.Lib.csproj", "{725CA550-7E16-45BE-8815-76642A85E99E}"
EndProject
Project("{FAE04EC0-301F-11D3-BF4B-00C04F79EFBC}") = "Tyuiu.BerezovskiyAS.Sprint3.Task3.V8.Test", "Tyuiu.BerezovskiyAS.Sprint3.Task3.V8.Test\Tyuiu.BerezovskiyAS.Sprint3.Task3.V8.Test.csproj", "{DDA9F194-009C-4DAC-A7E1-C15D02690D00}"
EndProject
Global
	GlobalSection(SolutionConfigurationPlatforms) = preSolution
		Debug|Any CPU = Debug|Any CPU
		Release|Any CPU = Release|Any CPU
	EndGlobalSection
	GlobalSection(ProjectConfigurationPlatforms) = postSolution
		{86E5D238-0DFE-41EC-8E1F-4475F13E6970}.Debug|Any CPU.ActiveCfg = Debug|Any CPU
		{86E5D238-0DFE-41EC-8E1F-4475F13E6970}.Debug|Any CPU.Build.0 = Debug|Any CPU
		{86E5D238-0DFE-41EC-8E1F-4475F13E6970}.Release|Any CPU.ActiveCfg = Release|Any CPU
		{86E5D238-0DFE-41EC-8E1F-4475F13E6970}.Release|Any CPU.Build.0 = Release|Any CPU
		{B21B2382-79FB-48EF-BB52-2AE8B6E426DA}.Debug|Any CPU.ActiveCfg = Debug|Any CPU
		{B21B2382-79FB-48EF-BB52-2AE8B6E426DA}.Debug|Any CPU.Build.0 = Debug|Any CPU
		{B21B2382-79FB-48EF-BB52-2AE8B6E426DA}.Release|Any CPU.ActiveCfg = Release|Any CPU
		{B21B2382-79FB-48EF-BB52-2AE8B6E426DA}.Release|Any CPU.Build.0 = Release|Any CPU
		{F4C38451-DBE5-4B81-8028-9AC6A2E7ABBB}.Debug|Any CPU.ActiveCfg = Debug|Any CPU
		{F4C38451-DBE5-4B81-8028-9AC6A2E7ABBB}.Debug|Any CPU.Build.0 = Debug|Any CPU
		{F4C38451-DBE5-4B81-8028-9AC6A2E7ABBB}.Release|Any CPU.ActiveCfg = Release|Any CPU
		{F4C38451-DBE5-4B81-8028-9AC6A2E7ABBB}.Release|Any CPU.Build.0 = Release|Any CPU
		{EC968E47-7560-4111-BE54-C6EAA697C665}.Debug|Any CPU.ActiveCfg = Debug|Any CPU
		{EC968E47-7560-4111-BE54-C6EAA697C665}.Debug|Any CPU.Build.0 = Debug|Any CPU
		{EC968E47-7560-4111-BE54-C6EAA697C665}.Release|Any CPU.ActiveCfg = Release|Any CPU
		{EC968E47-7560-4111-BE54-C6EAA697C665}.Release|Any CPU.Build.0 = Release|Any CPU
		{2515C66D-BB6B-42AA-AEF4-F742C7346DEE}.Debug|Any CPU.ActiveCfg = Debug|Any CPU
		{2515C66D-BB6B-42AA-AEF4-F742C7346DEE}.Debug|Any CPU.Build.0 = Debug|Any CPU
		{2515C66D-BB6B-42AA-AEF4-F742C7346DEE}.Release|Any CPU.ActiveCfg = Release|Any CPU
		{2515C66D-BB6B-42AA-AEF4-F742C7346DEE}.Release|Any CPU.Build.0 = Release|Any CPU
		{067F3749-1E2B-4F36-B3E4-3A1B244DD095}.Debug|Any CPU.ActiveCfg = Debug|Any CPU
		{067F3749-1E2B-4F36-B3E4-3A1B244DD095}.Debug|Any CPU.Build.0 = Debug|Any CPU
		{067F3749-1E2B-4F36-B3E4-3A1B244DD095}.Release|Any CPU.ActiveCfg = Release|Any CPU
		{067F3749-1E2B-4F36-B3E4-3A1B244DD095}.Release|Any CPU.Build.0 = Release|Any CPU
		{E3A5B858-0CDC-431D-911B-7CEABABF9712}.Debug|Any CPU.ActiveCfg = Debug|Any CPU
		{E3A5B858-0CDC-431D-911B-7CEABABF9712}.Debug|Any CPU.Build.0 = Debug|Any CPU
		{E3A5B858-0CDC-431D-911B-7CEABABF9712}.Release|Any CPU.ActiveCfg = Release|Any CPU
		{E3A5B858-0CDC-431D-911B-7CEABABF9712}.Release|Any CPU.Build.0 = Release|Any CPU
		{89833784-5CF0-4ADA-9627-13659C626365}.Debug|Any CPU.ActiveCfg = Debug|Any CPU
		{89833784-5CF0-4ADA-9627-13659C626365}.Debug|Any CPU.Build.0 = Debug|Any CPU
		{89833784-5CF0-4ADA-9627-13659C626365}.Release|Any CPU.ActiveCfg = Release|Any CPU
		{89833784-5CF0-4ADA-9627-13659C626365}.Release|Any CPU.Build.0 = Release|Any CPU
		{B384E4A8-EE6D-40FD-9C9C-DB63EA359BD0}.Debug|Any CPU.ActiveCfg = Debug|Any CPU
		{B384E4A8-EE6D-40FD-9C9C-DB63EA359BD0}.Debug|Any CPU.Build.0 = Debug|Any CPU
		{B384E4A8-EE6D-40FD-9C9C-DB63EA359BD0}.Release|Any CPU.ActiveCfg = Release|Any CPU
		{B384E4A8-EE6D-40FD-9C9C-DB63EA359BD0}.Release|Any CPU.Build.0 = Release|Any CPU
		{73325CCD-F5A9-4683-AE42-CD32ABE569D9}.Debug|Any CPU.ActiveCfg = Debug|Any CPU
		{73325CCD-F5A9-4683-AE42-CD32ABE569D9}.Debug|Any CPU.Build.0 = Debug|Any CPU
		{73325CCD-F5A9-4683-AE42-CD32ABE569D9}.Release|Any CPU.ActiveCfg = Release|Any CPU
		{73325CCD-F5A9-4683-AE42-CD32ABE569D9}.Release|Any CPU.Build.0 = Release|Any CPU
		{725CA550-7E16-45BE-8815-76642A85E99E}.Debug|Any CPU.ActiveCfg = Debug|Any CPU
		{725CA550-7E16-45BE-8815-76642A85E99E}.Debug|Any CPU.Build.0 = Debug|Any CPU
		{725CA550-7E16-45BE-8815-76642A85E99E}.Release|Any CPU.ActiveCfg = Release|Any CPU
		{725CA550-7E16-45BE-8815-76642A85E99E}.Release|Any CPU.Build.0 = Release|Any CPU
		{DDA9F194-009C-4DAC-A7E1-C15D02690D00}.Debug|Any CPU.ActiveCfg = Debug|Any CPU
		{DDA9F194-009C-4DAC-A7E1-C15D02690D00}.Debug|Any CPU.Build.0 = Debug|Any CPU
		{DDA9F194-009C-4DAC-A7E1-C15D02690D00}.Release|Any CPU.ActiveCfg = Release|Any CPU
		{DDA9F194-009C-4DAC-A7E1-C15D02690D00}.Release|Any CPU.Build.0 = Release|Any CPU
	EndGlobalSection
	GlobalSection(SolutionProperties) = preSolution
		HideSolutionNode = FALSE
	EndGlobalSection
	GlobalSection(NestedProjects) = preSolution
		{86E5D238-0DFE-41EC-8E1F-4475F13E6970} = {02EA681E-C7D8-13C7-8484-4AC65E1B71E8}
		{B21B2382-79FB-48EF-BB52-2AE8B6E426DA} = {02EA681E-C7D8-13C7-8484-4AC65E1B71E8}
		{F4C38451-DBE5-4B81-8028-9AC6A2E7ABBB} = {02EA681E-C7D8-13C7-8484-4AC65E1B71E8}
		{EC968E47-7560-4111-BE54-C6EAA697C665} = {3A100CB0-65BA-4FFB-8F86-EBFB31D88A6F}
		{2515C66D-BB6B-42AA-AEF4-F742C7346DEE} = {3A100CB0-65BA-4FFB-8F86-EBFB31D88A6F}
		{067F3749-1E2B-4F36-B3E4-3A1B244DD095} = {3A100CB0-65BA-4FFB-8F86-EBFB31D88A6F}
		{E3A5B858-0CDC-431D-911B-7CEABABF9712} = {E8049C13-21A2-427A-9E6A-A0870D46EFC5}
		{89833784-5CF0-4ADA-9627-13659C626365} = {E8049C13-21A2-427A-9E6A-A0870D46EFC5}
		{B384E4A8-EE6D-40FD-9C9C-DB63EA359BD0} = {E8049C13-21A2-427A-9E6A-A0870D46EFC5}
		{73325CCD-F5A9-4683-AE42-CD32ABE569D9} = {DFEC4A81-9C91-4302-A2B7-0F2BB2ED1228}
		{725CA550-7E16-45BE-8815-76642A85E99E} = {DFEC4A81-9C91-4302-A2B7-0F2BB2ED1228}
		{DDA9F194-009C-4DAC-A7E1-C15D02690D00} = {DFEC4A81-9C91-4302-A2B7-0F2BB2ED1228}
	EndGlobalSection
	GlobalSection(ExtensibilityGlobals) = postSolution
		SolutionGuid = {8CD16E0C-4233-4E58-8DAE-84D6EC9AE046}
	EndGlobalSection
EndGlobal
